
Microsoft Visual Studio Solution File, Format Version 12.00
# Visual Studio Version 16
VisualStudioVersion = 16.0.29728.190
MinimumVisualStudioVersion = 10.0.40219.1
Project("{9A19103F-16F7-4668-BE54-9A1E7A4F7556}") = "ConsoleApp1", "ConsoleApp1\ConsoleApp1.csproj", "{8C8EC178-8DA2-4E6E-BDED-4D0ADCDA7072}"
EndProject
Project("{9A19103F-16F7-4668-BE54-9A1E7A4F7556}") = "Domain", "Domain\Domain.csproj", "{953A5421-3AF6-460C-8E63-C368D75862B0}"
EndProject
Project("{9A19103F-16F7-4668-BE54-9A1E7A4F7556}") = "Project.Cqrs", "Project.Cqrs\Project.Cqrs.csproj", "{4A13F14B-BF3E-4EDE-8E5C-5F0507F5B668}"
EndProject
Project("{9A19103F-16F7-4668-BE54-9A1E7A4F7556}") = "Project.RabbitMQ", "Project.RabbitMQ\Project.RabbitMQ.csproj", "{FA4675CC-D1CD-4E19-B4D7-D0A172EFB380}"
EndProject
Project("{9A19103F-16F7-4668-BE54-9A1E7A4F7556}") = "EasyNetQConsole", "EasyNetQConsole\EasyNetQConsole.csproj", "{2FCA43FB-1D57-4CA9-9CAF-C5EC3E7F5743}"
EndProject
Project("{2150E333-8FDC-42A3-9474-1A3956D46DE8}") = "NewFolder1", "NewFolder1", "{81D3C2BC-0CD3-49AE-AA45-2F207DC84485}"
EndProject
Project("{9A19103F-16F7-4668-BE54-9A1E7A4F7556}") = "EasyNetQDomain", "EasyNetQDomain\EasyNetQDomain.csproj", "{05F39E90-6C7B-42DF-9321-C8135F0BCAE0}"
EndProject
Project("{2150E333-8FDC-42A3-9474-1A3956D46DE8}") = "EasyNetQ", "EasyNetQ", "{DA09AF36-7AF8-4145-ADCA-34C4286DF310}"
EndProject
Project("{2150E333-8FDC-42A3-9474-1A3956D46DE8}") = "Custom", "Custom", "{A6D05B4D-1DA9-4F2F-9BB1-17070C63581A}"
EndProject
Project("{9A19103F-16F7-4668-BE54-9A1E7A4F7556}") = "Custom.Console", "Custom.Console\Custom.Console.csproj", "{FACC566F-2F9D-481D-B573-B5CD3DD4F3D8}"
EndProject
Project("{9A19103F-16F7-4668-BE54-9A1E7A4F7556}") = "Custom.Domain", "Custom.Domain\Custom.Domain.csproj", "{2BC3F293-CD44-4646-8B67-438BC3A51CA1}"
EndProject
Project("{9A19103F-16F7-4668-BE54-9A1E7A4F7556}") = "Custom.Cqrs", "Custom.Cqrs\Custom.Cqrs.csproj", "{F918D1F6-687A-431E-BDB9-D6AA9EC9A56F}"
EndProject
Project("{9A19103F-16F7-4668-BE54-9A1E7A4F7556}") = "Custom.Infra", "Custom.Infra\Custom.Infra.csproj", "{ED038A9D-E677-4F79-9906-6F0EDB34EEDA}"
EndProject
Project("{2150E333-8FDC-42A3-9474-1A3956D46DE8}") = "1-Client", "1-Client", "{FF9A2C54-54E0-4F70-A698-BAF371F36973}"
EndProject
Project("{2150E333-8FDC-42A3-9474-1A3956D46DE8}") = "2-App", "2-App", "{4F2E9353-00B4-47C0-BC9E-C5EB5491E4D3}"
EndProject
Project("{2150E333-8FDC-42A3-9474-1A3956D46DE8}") = "3-Domain", "3-Domain", "{D8032C6F-EDDC-4B69-8E62-066B313BBC57}"
EndProject
Project("{2150E333-8FDC-42A3-9474-1A3956D46DE8}") = "5-CrossCutting", "5-CrossCutting", "{BA72CE50-2020-4D82-A3D6-3DB4F976ED6E}"
EndProject
Project("{2150E333-8FDC-42A3-9474-1A3956D46DE8}") = "4-Infra", "4-Infra", "{C1A7EAFC-D09D-42A3-9CA5-E8EC173A0831}"
EndProject
Project("{2150E333-8FDC-42A3-9474-1A3956D46DE8}") = "99-snippets", "99-snippets", "{02BF0AF4-4DC5-46C1-8CC6-BB1885F740F9}"
	ProjectSection(SolutionItems) = preProject
		custom.xml = custom.xml
	EndProjectSection
EndProject
Global
	GlobalSection(SolutionConfigurationPlatforms) = preSolution
		Debug|Any CPU = Debug|Any CPU
		Release|Any CPU = Release|Any CPU
	EndGlobalSection
	GlobalSection(ProjectConfigurationPlatforms) = postSolution
		{8C8EC178-8DA2-4E6E-BDED-4D0ADCDA7072}.Debug|Any CPU.ActiveCfg = Debug|Any CPU
		{8C8EC178-8DA2-4E6E-BDED-4D0ADCDA7072}.Debug|Any CPU.Build.0 = Debug|Any CPU
		{8C8EC178-8DA2-4E6E-BDED-4D0ADCDA7072}.Release|Any CPU.ActiveCfg = Release|Any CPU
		{8C8EC178-8DA2-4E6E-BDED-4D0ADCDA7072}.Release|Any CPU.Build.0 = Release|Any CPU
		{953A5421-3AF6-460C-8E63-C368D75862B0}.Debug|Any CPU.ActiveCfg = Debug|Any CPU
		{953A5421-3AF6-460C-8E63-C368D75862B0}.Debug|Any CPU.Build.0 = Debug|Any CPU
		{953A5421-3AF6-460C-8E63-C368D75862B0}.Release|Any CPU.ActiveCfg = Release|Any CPU
		{953A5421-3AF6-460C-8E63-C368D75862B0}.Release|Any CPU.Build.0 = Release|Any CPU
		{4A13F14B-BF3E-4EDE-8E5C-5F0507F5B668}.Debug|Any CPU.ActiveCfg = Debug|Any CPU
		{4A13F14B-BF3E-4EDE-8E5C-5F0507F5B668}.Debug|Any CPU.Build.0 = Debug|Any CPU
		{4A13F14B-BF3E-4EDE-8E5C-5F0507F5B668}.Release|Any CPU.ActiveCfg = Release|Any CPU
		{4A13F14B-BF3E-4EDE-8E5C-5F0507F5B668}.Release|Any CPU.Build.0 = Release|Any CPU
		{FA4675CC-D1CD-4E19-B4D7-D0A172EFB380}.Debug|Any CPU.ActiveCfg = Debug|Any CPU
		{FA4675CC-D1CD-4E19-B4D7-D0A172EFB380}.Debug|Any CPU.Build.0 = Debug|Any CPU
		{FA4675CC-D1CD-4E19-B4D7-D0A172EFB380}.Release|Any CPU.ActiveCfg = Release|Any CPU
		{FA4675CC-D1CD-4E19-B4D7-D0A172EFB380}.Release|Any CPU.Build.0 = Release|Any CPU
		{2FCA43FB-1D57-4CA9-9CAF-C5EC3E7F5743}.Debug|Any CPU.ActiveCfg = Debug|Any CPU
		{2FCA43FB-1D57-4CA9-9CAF-C5EC3E7F5743}.Debug|Any CPU.Build.0 = Debug|Any CPU
		{2FCA43FB-1D57-4CA9-9CAF-C5EC3E7F5743}.Release|Any CPU.ActiveCfg = Release|Any CPU
		{2FCA43FB-1D57-4CA9-9CAF-C5EC3E7F5743}.Release|Any CPU.Build.0 = Release|Any CPU
		{05F39E90-6C7B-42DF-9321-C8135F0BCAE0}.Debug|Any CPU.ActiveCfg = Debug|Any CPU
		{05F39E90-6C7B-42DF-9321-C8135F0BCAE0}.Debug|Any CPU.Build.0 = Debug|Any CPU
		{05F39E90-6C7B-42DF-9321-C8135F0BCAE0}.Release|Any CPU.ActiveCfg = Release|Any CPU
		{05F39E90-6C7B-42DF-9321-C8135F0BCAE0}.Release|Any CPU.Build.0 = Release|Any CPU
		{FACC566F-2F9D-481D-B573-B5CD3DD4F3D8}.Debug|Any CPU.ActiveCfg = Debug|Any CPU
		{FACC566F-2F9D-481D-B573-B5CD3DD4F3D8}.Debug|Any CPU.Build.0 = Debug|Any CPU
		{FACC566F-2F9D-481D-B573-B5CD3DD4F3D8}.Release|Any CPU.ActiveCfg = Release|Any CPU
		{FACC566F-2F9D-481D-B573-B5CD3DD4F3D8}.Release|Any CPU.Build.0 = Release|Any CPU
		{2BC3F293-CD44-4646-8B67-438BC3A51CA1}.Debug|Any CPU.ActiveCfg = Debug|Any CPU
		{2BC3F293-CD44-4646-8B67-438BC3A51CA1}.Debug|Any CPU.Build.0 = Debug|Any CPU
		{2BC3F293-CD44-4646-8B67-438BC3A51CA1}.Release|Any CPU.ActiveCfg = Release|Any CPU
		{2BC3F293-CD44-4646-8B67-438BC3A51CA1}.Release|Any CPU.Build.0 = Release|Any CPU
		{F918D1F6-687A-431E-BDB9-D6AA9EC9A56F}.Debug|Any CPU.ActiveCfg = Debug|Any CPU
		{F918D1F6-687A-431E-BDB9-D6AA9EC9A56F}.Debug|Any CPU.Build.0 = Debug|Any CPU
		{F918D1F6-687A-431E-BDB9-D6AA9EC9A56F}.Release|Any CPU.ActiveCfg = Release|Any CPU
		{F918D1F6-687A-431E-BDB9-D6AA9EC9A56F}.Release|Any CPU.Build.0 = Release|Any CPU
		{ED038A9D-E677-4F79-9906-6F0EDB34EEDA}.Debug|Any CPU.ActiveCfg = Debug|Any CPU
		{ED038A9D-E677-4F79-9906-6F0EDB34EEDA}.Debug|Any CPU.Build.0 = Debug|Any CPU
		{ED038A9D-E677-4F79-9906-6F0EDB34EEDA}.Release|Any CPU.ActiveCfg = Release|Any CPU
		{ED038A9D-E677-4F79-9906-6F0EDB34EEDA}.Release|Any CPU.Build.0 = Release|Any CPU
	EndGlobalSection
	GlobalSection(SolutionProperties) = preSolution
		HideSolutionNode = FALSE
	EndGlobalSection
	GlobalSection(NestedProjects) = preSolution
		{8C8EC178-8DA2-4E6E-BDED-4D0ADCDA7072} = {81D3C2BC-0CD3-49AE-AA45-2F207DC84485}
		{953A5421-3AF6-460C-8E63-C368D75862B0} = {81D3C2BC-0CD3-49AE-AA45-2F207DC84485}
		{4A13F14B-BF3E-4EDE-8E5C-5F0507F5B668} = {81D3C2BC-0CD3-49AE-AA45-2F207DC84485}
		{FA4675CC-D1CD-4E19-B4D7-D0A172EFB380} = {81D3C2BC-0CD3-49AE-AA45-2F207DC84485}
		{2FCA43FB-1D57-4CA9-9CAF-C5EC3E7F5743} = {DA09AF36-7AF8-4145-ADCA-34C4286DF310}
		{05F39E90-6C7B-42DF-9321-C8135F0BCAE0} = {DA09AF36-7AF8-4145-ADCA-34C4286DF310}
		{FACC566F-2F9D-481D-B573-B5CD3DD4F3D8} = {FF9A2C54-54E0-4F70-A698-BAF371F36973}
		{2BC3F293-CD44-4646-8B67-438BC3A51CA1} = {D8032C6F-EDDC-4B69-8E62-066B313BBC57}
		{F918D1F6-687A-431E-BDB9-D6AA9EC9A56F} = {BA72CE50-2020-4D82-A3D6-3DB4F976ED6E}
		{ED038A9D-E677-4F79-9906-6F0EDB34EEDA} = {C1A7EAFC-D09D-42A3-9CA5-E8EC173A0831}
		{FF9A2C54-54E0-4F70-A698-BAF371F36973} = {A6D05B4D-1DA9-4F2F-9BB1-17070C63581A}
		{4F2E9353-00B4-47C0-BC9E-C5EB5491E4D3} = {A6D05B4D-1DA9-4F2F-9BB1-17070C63581A}
		{D8032C6F-EDDC-4B69-8E62-066B313BBC57} = {A6D05B4D-1DA9-4F2F-9BB1-17070C63581A}
		{BA72CE50-2020-4D82-A3D6-3DB4F976ED6E} = {A6D05B4D-1DA9-4F2F-9BB1-17070C63581A}
		{C1A7EAFC-D09D-42A3-9CA5-E8EC173A0831} = {A6D05B4D-1DA9-4F2F-9BB1-17070C63581A}
	EndGlobalSection
	GlobalSection(ExtensibilityGlobals) = postSolution
		SolutionGuid = {7BD09229-B5C9-4763-9858-D6FCDD2912CA}
	EndGlobalSection
EndGlobal
